
Microsoft Visual Studio Solution File, Format Version 12.00
# Visual Studio Version 16
VisualStudioVersion = 16.0.29409.12
MinimumVisualStudioVersion = 10.0.40219.1
Project("{FAE04EC0-301F-11D3-BF4B-00C04F79EFBC}") = "ContactsManager.Tests", "ContactsManager.Tests\ContactsManager.Tests.csproj", "{8EDF4429-251A-416D-BB68-93F227191BCF}"
EndProject
Project("{FAE04EC0-301F-11D3-BF4B-00C04F79EFBC}") = "ContactsManager", "ContactsManager\ContactsManager.csproj", "{CD3FE8A9-AAD8-4DE2-874A-FE3E853B2DC9}"
EndProject
Global
	GlobalSection(SolutionConfigurationPlatforms) = preSolution
		Debug|Any CPU = Debug|Any CPU
		Release|Any CPU = Release|Any CPU
	EndGlobalSection
	GlobalSection(ProjectConfigurationPlatforms) = postSolution
		{8EDF4429-251A-416D-BB68-93F227191BCF}.Debug|Any CPU.ActiveCfg = Debug|Any CPU
		{8EDF4429-251A-416D-BB68-93F227191BCF}.Debug|Any CPU.Build.0 = Debug|Any CPU
		{8EDF4429-251A-416D-BB68-93F227191BCF}.Release|Any CPU.ActiveCfg = Release|Any CPU
		{8EDF4429-251A-416D-BB68-93F227191BCF}.Release|Any CPU.Build.0 = Release|Any CPU
		{CD3FE8A9-AAD8-4DE2-874A-FE3E853B2DC9}.Debug|Any CPU.ActiveCfg = Debug|Any CPU
		{CD3FE8A9-AAD8-4DE2-874A-FE3E853B2DC9}.Debug|Any CPU.Build.0 = Debug|Any CPU
		{CD3FE8A9-AAD8-4DE2-874A-FE3E853B2DC9}.Release|Any CPU.ActiveCfg = Release|Any CPU
		{CD3FE8A9-AAD8-4DE2-874A-FE3E853B2DC9}.Release|Any CPU.Build.0 = Release|Any CPU
	EndGlobalSection
	GlobalSection(SolutionProperties) = preSolution
		HideSolutionNode = FALSE
	EndGlobalSection
	GlobalSection(ExtensibilityGlobals) = postSolution
		SolutionGuid = {9CA912DB-E9C4-465C-A5AA-6296CAE5E598}
	EndGlobalSection
EndGlobal
